
Microsoft Visual Studio Solution File, Format Version 12.00
# Visual Studio 15
VisualStudioVersion = 15.0.28010.2026
MinimumVisualStudioVersion = 10.0.40219.1
Project("{FAE04EC0-301F-11D3-BF4B-00C04F79EFBC}") = "XamarinMapas.Android", "XamarinMapas\XamarinMapas.Android\XamarinMapas.Android.csproj", "{7E97AB83-7F8E-4A6F-9296-BFF4118682CC}"
EndProject
Project("{FAE04EC0-301F-11D3-BF4B-00C04F79EFBC}") = "XamarinMapas.iOS", "XamarinMapas\XamarinMapas.iOS\XamarinMapas.iOS.csproj", "{C5A9BA2B-08A5-448E-B95A-992BB356BD9B}"
EndProject
Project("{FAE04EC0-301F-11D3-BF4B-00C04F79EFBC}") = "XamarinMapas.UWP", "XamarinMapas\XamarinMapas.UWP\XamarinMapas.UWP.csproj", "{51524558-CF48-491F-9751-87EA194F52D1}"
EndProject
Project("{FAE04EC0-301F-11D3-BF4B-00C04F79EFBC}") = "XamarinMapas", "XamarinMapas\XamarinMapas\XamarinMapas.csproj", "{8FC28D9A-E148-49A2-BA66-5D04049B76BD}"
EndProject
Global
	GlobalSection(SolutionConfigurationPlatforms) = preSolution
		Ad-Hoc|Any CPU = Ad-Hoc|Any CPU
		Ad-Hoc|ARM = Ad-Hoc|ARM
		Ad-Hoc|iPhone = Ad-Hoc|iPhone
		Ad-Hoc|iPhoneSimulator = Ad-Hoc|iPhoneSimulator
		Ad-Hoc|x64 = Ad-Hoc|x64
		Ad-Hoc|x86 = Ad-Hoc|x86
		AppStore|Any CPU = AppStore|Any CPU
		AppStore|ARM = AppStore|ARM
		AppStore|iPhone = AppStore|iPhone
		AppStore|iPhoneSimulator = AppStore|iPhoneSimulator
		AppStore|x64 = AppStore|x64
		AppStore|x86 = AppStore|x86
		Debug|Any CPU = Debug|Any CPU
		Debug|ARM = Debug|ARM
		Debug|iPhone = Debug|iPhone
		Debug|iPhoneSimulator = Debug|iPhoneSimulator
		Debug|x64 = Debug|x64
		Debug|x86 = Debug|x86
		Release|Any CPU = Release|Any CPU
		Release|ARM = Release|ARM
		Release|iPhone = Release|iPhone
		Release|iPhoneSimulator = Release|iPhoneSimulator
		Release|x64 = Release|x64
		Release|x86 = Release|x86
	EndGlobalSection
	GlobalSection(ProjectConfigurationPlatforms) = postSolution
		{7E97AB83-7F8E-4A6F-9296-BFF4118682CC}.Ad-Hoc|Any CPU.ActiveCfg = Release|Any CPU
		{7E97AB83-7F8E-4A6F-9296-BFF4118682CC}.Ad-Hoc|Any CPU.Build.0 = Release|Any CPU
		{7E97AB83-7F8E-4A6F-9296-BFF4118682CC}.Ad-Hoc|Any CPU.Deploy.0 = Release|Any CPU
		{7E97AB83-7F8E-4A6F-9296-BFF4118682CC}.Ad-Hoc|ARM.ActiveCfg = Release|Any CPU
		{7E97AB83-7F8E-4A6F-9296-BFF4118682CC}.Ad-Hoc|ARM.Build.0 = Release|Any CPU
		{7E97AB83-7F8E-4A6F-9296-BFF4118682CC}.Ad-Hoc|ARM.Deploy.0 = Release|Any CPU
		{7E97AB83-7F8E-4A6F-9296-BFF4118682CC}.Ad-Hoc|iPhone.ActiveCfg = Release|Any CPU
		{7E97AB83-7F8E-4A6F-9296-BFF4118682CC}.Ad-Hoc|iPhone.Build.0 = Release|Any CPU
		{7E97AB83-7F8E-4A6F-9296-BFF4118682CC}.Ad-Hoc|iPhone.Deploy.0 = Release|Any CPU
		{7E97AB83-7F8E-4A6F-9296-BFF4118682CC}.Ad-Hoc|iPhoneSimulator.ActiveCfg = Release|Any CPU
		{7E97AB83-7F8E-4A6F-9296-BFF4118682CC}.Ad-Hoc|iPhoneSimulator.Build.0 = Release|Any CPU
		{7E97AB83-7F8E-4A6F-9296-BFF4118682CC}.Ad-Hoc|iPhoneSimulator.Deploy.0 = Release|Any CPU
		{7E97AB83-7F8E-4A6F-9296-BFF4118682CC}.Ad-Hoc|x64.ActiveCfg = Release|Any CPU
		{7E97AB83-7F8E-4A6F-9296-BFF4118682CC}.Ad-Hoc|x64.Build.0 = Release|Any CPU
		{7E97AB83-7F8E-4A6F-9296-BFF4118682CC}.Ad-Hoc|x64.Deploy.0 = Release|Any CPU
		{7E97AB83-7F8E-4A6F-9296-BFF4118682CC}.Ad-Hoc|x86.ActiveCfg = Release|Any CPU
		{7E97AB83-7F8E-4A6F-9296-BFF4118682CC}.Ad-Hoc|x86.Build.0 = Release|Any CPU
		{7E97AB83-7F8E-4A6F-9296-BFF4118682CC}.Ad-Hoc|x86.Deploy.0 = Release|Any CPU
		{7E97AB83-7F8E-4A6F-9296-BFF4118682CC}.AppStore|Any CPU.ActiveCfg = Release|Any CPU
		{7E97AB83-7F8E-4A6F-9296-BFF4118682CC}.AppStore|Any CPU.Build.0 = Release|Any CPU
		{7E97AB83-7F8E-4A6F-9296-BFF4118682CC}.AppStore|Any CPU.Deploy.0 = Release|Any CPU
		{7E97AB83-7F8E-4A6F-9296-BFF4118682CC}.AppStore|ARM.ActiveCfg = Release|Any CPU
		{7E97AB83-7F8E-4A6F-9296-BFF4118682CC}.AppStore|ARM.Build.0 = Release|Any CPU
		{7E97AB83-7F8E-4A6F-9296-BFF4118682CC}.AppStore|ARM.Deploy.0 = Release|Any CPU
		{7E97AB83-7F8E-4A6F-9296-BFF4118682CC}.AppStore|iPhone.ActiveCfg = Release|Any CPU
		{7E97AB83-7F8E-4A6F-9296-BFF4118682CC}.AppStore|iPhone.Build.0 = Release|Any CPU
		{7E97AB83-7F8E-4A6F-9296-BFF4118682CC}.AppStore|iPhone.Deploy.0 = Release|Any CPU
		{7E97AB83-7F8E-4A6F-9296-BFF4118682CC}.AppStore|iPhoneSimulator.ActiveCfg = Release|Any CPU
		{7E97AB83-7F8E-4A6F-9296-BFF4118682CC}.AppStore|iPhoneSimulator.Build.0 = Release|Any CPU
		{7E97AB83-7F8E-4A6F-9296-BFF4118682CC}.AppStore|iPhoneSimulator.Deploy.0 = Release|Any CPU
		{7E97AB83-7F8E-4A6F-9296-BFF4118682CC}.AppStore|x64.ActiveCfg = Release|Any CPU
		{7E97AB83-7F8E-4A6F-9296-BFF4118682CC}.AppStore|x64.Build.0 = Release|Any CPU
		{7E97AB83-7F8E-4A6F-9296-BFF4118682CC}.AppStore|x64.Deploy.0 = Release|Any CPU
		{7E97AB83-7F8E-4A6F-9296-BFF4118682CC}.AppStore|x86.ActiveCfg = Release|Any CPU
		{7E97AB83-7F8E-4A6F-9296-BFF4118682CC}.AppStore|x86.Build.0 = Release|Any CPU
		{7E97AB83-7F8E-4A6F-9296-BFF4118682CC}.AppStore|x86.Deploy.0 = Release|Any CPU
		{7E97AB83-7F8E-4A6F-9296-BFF4118682CC}.Debug|Any CPU.ActiveCfg = Debug|Any CPU
		{7E97AB83-7F8E-4A6F-9296-BFF4118682CC}.Debug|Any CPU.Build.0 = Debug|Any CPU
		{7E97AB83-7F8E-4A6F-9296-BFF4118682CC}.Debug|Any CPU.Deploy.0 = Debug|Any CPU
		{7E97AB83-7F8E-4A6F-9296-BFF4118682CC}.Debug|ARM.ActiveCfg = Debug|Any CPU
		{7E97AB83-7F8E-4A6F-9296-BFF4118682CC}.Debug|ARM.Build.0 = Debug|Any CPU
		{7E97AB83-7F8E-4A6F-9296-BFF4118682CC}.Debug|ARM.Deploy.0 = Debug|Any CPU
		{7E97AB83-7F8E-4A6F-9296-BFF4118682CC}.Debug|iPhone.ActiveCfg = Debug|Any CPU
		{7E97AB83-7F8E-4A6F-9296-BFF4118682CC}.Debug|iPhone.Build.0 = Debug|Any CPU
		{7E97AB83-7F8E-4A6F-9296-BFF4118682CC}.Debug|iPhone.Deploy.0 = Debug|Any CPU
		{7E97AB83-7F8E-4A6F-9296-BFF4118682CC}.Debug|iPhoneSimulator.ActiveCfg = Debug|Any CPU
		{7E97AB83-7F8E-4A6F-9296-BFF4118682CC}.Debug|iPhoneSimulator.Build.0 = Debug|Any CPU
		{7E97AB83-7F8E-4A6F-9296-BFF4118682CC}.Debug|iPhoneSimulator.Deploy.0 = Debug|Any CPU
		{7E97AB83-7F8E-4A6F-9296-BFF4118682CC}.Debug|x64.ActiveCfg = Debug|Any CPU
		{7E97AB83-7F8E-4A6F-9296-BFF4118682CC}.Debug|x64.Build.0 = Debug|Any CPU
		{7E97AB83-7F8E-4A6F-9296-BFF4118682CC}.Debug|x64.Deploy.0 = Debug|Any CPU
		{7E97AB83-7F8E-4A6F-9296-BFF4118682CC}.Debug|x86.ActiveCfg = Debug|Any CPU
		{7E97AB83-7F8E-4A6F-9296-BFF4118682CC}.Debug|x86.Build.0 = Debug|Any CPU
		{7E97AB83-7F8E-4A6F-9296-BFF4118682CC}.Debug|x86.Deploy.0 = Debug|Any CPU
		{7E97AB83-7F8E-4A6F-9296-BFF4118682CC}.Release|Any CPU.ActiveCfg = Release|Any CPU
		{7E97AB83-7F8E-4A6F-9296-BFF4118682CC}.Release|Any CPU.Build.0 = Release|Any CPU
		{7E97AB83-7F8E-4A6F-9296-BFF4118682CC}.Release|Any CPU.Deploy.0 = Release|Any CPU
		{7E97AB83-7F8E-4A6F-9296-BFF4118682CC}.Release|ARM.ActiveCfg = Release|Any CPU
		{7E97AB83-7F8E-4A6F-9296-BFF4118682CC}.Release|ARM.Build.0 = Release|Any CPU
		{7E97AB83-7F8E-4A6F-9296-BFF4118682CC}.Release|ARM.Deploy.0 = Release|Any CPU
		{7E97AB83-7F8E-4A6F-9296-BFF4118682CC}.Release|iPhone.ActiveCfg = Release|Any CPU
		{7E97AB83-7F8E-4A6F-9296-BFF4118682CC}.Release|iPhone.Build.0 = Release|Any CPU
		{7E97AB83-7F8E-4A6F-9296-BFF4118682CC}.Release|iPhone.Deploy.0 = Release|Any CPU
		{7E97AB83-7F8E-4A6F-9296-BFF4118682CC}.Release|iPhoneSimulator.ActiveCfg = Release|Any CPU
		{7E97AB83-7F8E-4A6F-9296-BFF4118682CC}.Release|iPhoneSimulator.Build.0 = Release|Any CPU
		{7E97AB83-7F8E-4A6F-9296-BFF4118682CC}.Release|iPhoneSimulator.Deploy.0 = Release|Any CPU
		{7E97AB83-7F8E-4A6F-9296-BFF4118682CC}.Release|x64.ActiveCfg = Release|Any CPU
		{7E97AB83-7F8E-4A6F-9296-BFF4118682CC}.Release|x64.Build.0 = Release|Any CPU
		{7E97AB83-7F8E-4A6F-9296-BFF4118682CC}.Release|x64.Deploy.0 = Release|Any CPU
		{7E97AB83-7F8E-4A6F-9296-BFF4118682CC}.Release|x86.ActiveCfg = Release|Any CPU
		{7E97AB83-7F8E-4A6F-9296-BFF4118682CC}.Release|x86.Build.0 = Release|Any CPU
		{7E97AB83-7F8E-4A6F-9296-BFF4118682CC}.Release|x86.Deploy.0 = Release|Any CPU
		{C5A9BA2B-08A5-448E-B95A-992BB356BD9B}.Ad-Hoc|Any CPU.ActiveCfg = Ad-Hoc|iPhone
		{C5A9BA2B-08A5-448E-B95A-992BB356BD9B}.Ad-Hoc|Any CPU.Build.0 = Ad-Hoc|iPhone
		{C5A9BA2B-08A5-448E-B95A-992BB356BD9B}.Ad-Hoc|Any CPU.Deploy.0 = Ad-Hoc|iPhone
		{C5A9BA2B-08A5-448E-B95A-992BB356BD9B}.Ad-Hoc|ARM.ActiveCfg = Ad-Hoc|iPhone
		{C5A9BA2B-08A5-448E-B95A-992BB356BD9B}.Ad-Hoc|ARM.Build.0 = Ad-Hoc|iPhone
		{C5A9BA2B-08A5-448E-B95A-992BB356BD9B}.Ad-Hoc|ARM.Deploy.0 = Ad-Hoc|iPhone
		{C5A9BA2B-08A5-448E-B95A-992BB356BD9B}.Ad-Hoc|iPhone.ActiveCfg = Ad-Hoc|iPhone
		{C5A9BA2B-08A5-448E-B95A-992BB356BD9B}.Ad-Hoc|iPhone.Build.0 = Ad-Hoc|iPhone
		{C5A9BA2B-08A5-448E-B95A-992BB356BD9B}.Ad-Hoc|iPhone.Deploy.0 = Ad-Hoc|iPhone
		{C5A9BA2B-08A5-448E-B95A-992BB356BD9B}.Ad-Hoc|iPhoneSimulator.ActiveCfg = Ad-Hoc|iPhoneSimulator
		{C5A9BA2B-08A5-448E-B95A-992BB356BD9B}.Ad-Hoc|iPhoneSimulator.Build.0 = Ad-Hoc|iPhoneSimulator
		{C5A9BA2B-08A5-448E-B95A-992BB356BD9B}.Ad-Hoc|iPhoneSimulator.Deploy.0 = Ad-Hoc|iPhoneSimulator
		{C5A9BA2B-08A5-448E-B95A-992BB356BD9B}.Ad-Hoc|x64.ActiveCfg = Ad-Hoc|iPhone
		{C5A9BA2B-08A5-448E-B95A-992BB356BD9B}.Ad-Hoc|x64.Build.0 = Ad-Hoc|iPhone
		{C5A9BA2B-08A5-448E-B95A-992BB356BD9B}.Ad-Hoc|x64.Deploy.0 = Ad-Hoc|iPhone
		{C5A9BA2B-08A5-448E-B95A-992BB356BD9B}.Ad-Hoc|x86.ActiveCfg = Ad-Hoc|iPhone
		{C5A9BA2B-08A5-448E-B95A-992BB356BD9B}.Ad-Hoc|x86.Build.0 = Ad-Hoc|iPhone
		{C5A9BA2B-08A5-448E-B95A-992BB356BD9B}.Ad-Hoc|x86.Deploy.0 = Ad-Hoc|iPhone
		{C5A9BA2B-08A5-448E-B95A-992BB356BD9B}.AppStore|Any CPU.ActiveCfg = AppStore|iPhone
		{C5A9BA2B-08A5-448E-B95A-992BB356BD9B}.AppStore|Any CPU.Build.0 = AppStore|iPhone
		{C5A9BA2B-08A5-448E-B95A-992BB356BD9B}.AppStore|Any CPU.Deploy.0 = AppStore|iPhone
		{C5A9BA2B-08A5-448E-B95A-992BB356BD9B}.AppStore|ARM.ActiveCfg = AppStore|iPhone
		{C5A9BA2B-08A5-448E-B95A-992BB356BD9B}.AppStore|ARM.Build.0 = AppStore|iPhone
		{C5A9BA2B-08A5-448E-B95A-992BB356BD9B}.AppStore|ARM.Deploy.0 = AppStore|iPhone
		{C5A9BA2B-08A5-448E-B95A-992BB356BD9B}.AppStore|iPhone.ActiveCfg = AppStore|iPhone
		{C5A9BA2B-08A5-448E-B95A-992BB356BD9B}.AppStore|iPhone.Build.0 = AppStore|iPhone
		{C5A9BA2B-08A5-448E-B95A-992BB356BD9B}.AppStore|iPhone.Deploy.0 = AppStore|iPhone
		{C5A9BA2B-08A5-448E-B95A-992BB356BD9B}.AppStore|iPhoneSimulator.ActiveCfg = AppStore|iPhoneSimulator
		{C5A9BA2B-08A5-448E-B95A-992BB356BD9B}.AppStore|iPhoneSimulator.Build.0 = AppStore|iPhoneSimulator
		{C5A9BA2B-08A5-448E-B95A-992BB356BD9B}.AppStore|iPhoneSimulator.Deploy.0 = AppStore|iPhoneSimulator
		{C5A9BA2B-08A5-448E-B95A-992BB356BD9B}.AppStore|x64.ActiveCfg = AppStore|iPhone
		{C5A9BA2B-08A5-448E-B95A-992BB356BD9B}.AppStore|x64.Build.0 = AppStore|iPhone
		{C5A9BA2B-08A5-448E-B95A-992BB356BD9B}.AppStore|x64.Deploy.0 = AppStore|iPhone
		{C5A9BA2B-08A5-448E-B95A-992BB356BD9B}.AppStore|x86.ActiveCfg = AppStore|iPhone
		{C5A9BA2B-08A5-448E-B95A-992BB356BD9B}.AppStore|x86.Build.0 = AppStore|iPhone
		{C5A9BA2B-08A5-448E-B95A-992BB356BD9B}.AppStore|x86.Deploy.0 = AppStore|iPhone
		{C5A9BA2B-08A5-448E-B95A-992BB356BD9B}.Debug|Any CPU.ActiveCfg = Debug|iPhoneSimulator
		{C5A9BA2B-08A5-448E-B95A-992BB356BD9B}.Debug|Any CPU.Build.0 = Debug|iPhoneSimulator
		{C5A9BA2B-08A5-448E-B95A-992BB356BD9B}.Debug|Any CPU.Deploy.0 = Debug|iPhoneSimulator
		{C5A9BA2B-08A5-448E-B95A-992BB356BD9B}.Debug|ARM.ActiveCfg = Debug|iPhone
		{C5A9BA2B-08A5-448E-B95A-992BB356BD9B}.Debug|ARM.Build.0 = Debug|iPhone
		{C5A9BA2B-08A5-448E-B95A-992BB356BD9B}.Debug|ARM.Deploy.0 = Debug|iPhone
		{C5A9BA2B-08A5-448E-B95A-992BB356BD9B}.Debug|iPhone.ActiveCfg = Debug|iPhone
		{C5A9BA2B-08A5-448E-B95A-992BB356BD9B}.Debug|iPhone.Build.0 = Debug|iPhone
		{C5A9BA2B-08A5-448E-B95A-992BB356BD9B}.Debug|iPhone.Deploy.0 = Debug|iPhone
		{C5A9BA2B-08A5-448E-B95A-992BB356BD9B}.Debug|iPhoneSimulator.ActiveCfg = Debug|iPhoneSimulator
		{C5A9BA2B-08A5-448E-B95A-992BB356BD9B}.Debug|iPhoneSimulator.Build.0 = Debug|iPhoneSimulator
		{C5A9BA2B-08A5-448E-B95A-992BB356BD9B}.Debug|iPhoneSimulator.Deploy.0 = Debug|iPhoneSimulator
		{C5A9BA2B-08A5-448E-B95A-992BB356BD9B}.Debug|x64.ActiveCfg = Debug|iPhone
		{C5A9BA2B-08A5-448E-B95A-992BB356BD9B}.Debug|x64.Build.0 = Debug|iPhone
		{C5A9BA2B-08A5-448E-B95A-992BB356BD9B}.Debug|x64.Deploy.0 = Debug|iPhone
		{C5A9BA2B-08A5-448E-B95A-992BB356BD9B}.Debug|x86.ActiveCfg = Debug|iPhone
		{C5A9BA2B-08A5-448E-B95A-992BB356BD9B}.Debug|x86.Build.0 = Debug|iPhone
		{C5A9BA2B-08A5-448E-B95A-992BB356BD9B}.Debug|x86.Deploy.0 = Debug|iPhone
		{C5A9BA2B-08A5-448E-B95A-992BB356BD9B}.Release|Any CPU.ActiveCfg = Release|iPhone
		{C5A9BA2B-08A5-448E-B95A-992BB356BD9B}.Release|Any CPU.Build.0 = Release|iPhone
		{C5A9BA2B-08A5-448E-B95A-992BB356BD9B}.Release|Any CPU.Deploy.0 = Release|iPhone
		{C5A9BA2B-08A5-448E-B95A-992BB356BD9B}.Release|ARM.ActiveCfg = Release|iPhone
		{C5A9BA2B-08A5-448E-B95A-992BB356BD9B}.Release|ARM.Build.0 = Release|iPhone
		{C5A9BA2B-08A5-448E-B95A-992BB356BD9B}.Release|ARM.Deploy.0 = Release|iPhone
		{C5A9BA2B-08A5-448E-B95A-992BB356BD9B}.Release|iPhone.ActiveCfg = Release|iPhone
		{C5A9BA2B-08A5-448E-B95A-992BB356BD9B}.Release|iPhone.Build.0 = Release|iPhone
		{C5A9BA2B-08A5-448E-B95A-992BB356BD9B}.Release|iPhone.Deploy.0 = Release|iPhone
		{C5A9BA2B-08A5-448E-B95A-992BB356BD9B}.Release|iPhoneSimulator.ActiveCfg = Release|iPhoneSimulator
		{C5A9BA2B-08A5-448E-B95A-992BB356BD9B}.Release|iPhoneSimulator.Build.0 = Release|iPhoneSimulator
		{C5A9BA2B-08A5-448E-B95A-992BB356BD9B}.Release|iPhoneSimulator.Deploy.0 = Release|iPhoneSimulator
		{C5A9BA2B-08A5-448E-B95A-992BB356BD9B}.Release|x64.ActiveCfg = Release|iPhone
		{C5A9BA2B-08A5-448E-B95A-992BB356BD9B}.Release|x64.Build.0 = Release|iPhone
		{C5A9BA2B-08A5-448E-B95A-992BB356BD9B}.Release|x64.Deploy.0 = Release|iPhone
		{C5A9BA2B-08A5-448E-B95A-992BB356BD9B}.Release|x86.ActiveCfg = Release|iPhone
		{C5A9BA2B-08A5-448E-B95A-992BB356BD9B}.Release|x86.Build.0 = Release|iPhone
		{C5A9BA2B-08A5-448E-B95A-992BB356BD9B}.Release|x86.Deploy.0 = Release|iPhone
		{51524558-CF48-491F-9751-87EA194F52D1}.Ad-Hoc|Any CPU.ActiveCfg = Release|x86
		{51524558-CF48-491F-9751-87EA194F52D1}.Ad-Hoc|Any CPU.Build.0 = Release|x86
		{51524558-CF48-491F-9751-87EA194F52D1}.Ad-Hoc|Any CPU.Deploy.0 = Release|x86
		{51524558-CF48-491F-9751-87EA194F52D1}.Ad-Hoc|ARM.ActiveCfg = Release|ARM
		{51524558-CF48-491F-9751-87EA194F52D1}.Ad-Hoc|ARM.Build.0 = Release|ARM
		{51524558-CF48-491F-9751-87EA194F52D1}.Ad-Hoc|ARM.Deploy.0 = Release|ARM
		{51524558-CF48-491F-9751-87EA194F52D1}.Ad-Hoc|iPhone.ActiveCfg = Release|x86
		{51524558-CF48-491F-9751-87EA194F52D1}.Ad-Hoc|iPhone.Build.0 = Release|x86
		{51524558-CF48-491F-9751-87EA194F52D1}.Ad-Hoc|iPhone.Deploy.0 = Release|x86
		{51524558-CF48-491F-9751-87EA194F52D1}.Ad-Hoc|iPhoneSimulator.ActiveCfg = Release|x86
		{51524558-CF48-491F-9751-87EA194F52D1}.Ad-Hoc|iPhoneSimulator.Build.0 = Release|x86
		{51524558-CF48-491F-9751-87EA194F52D1}.Ad-Hoc|iPhoneSimulator.Deploy.0 = Release|x86
		{51524558-CF48-491F-9751-87EA194F52D1}.Ad-Hoc|x64.ActiveCfg = Release|x64
		{51524558-CF48-491F-9751-87EA194F52D1}.Ad-Hoc|x64.Build.0 = Release|x64
		{51524558-CF48-491F-9751-87EA194F52D1}.Ad-Hoc|x64.Deploy.0 = Release|x64
		{51524558-CF48-491F-9751-87EA194F52D1}.Ad-Hoc|x86.ActiveCfg = Release|x86
		{51524558-CF48-491F-9751-87EA194F52D1}.Ad-Hoc|x86.Build.0 = Release|x86
		{51524558-CF48-491F-9751-87EA194F52D1}.Ad-Hoc|x86.Deploy.0 = Release|x86
		{51524558-CF48-491F-9751-87EA194F52D1}.AppStore|Any CPU.ActiveCfg = Release|x86
		{51524558-CF48-491F-9751-87EA194F52D1}.AppStore|Any CPU.Build.0 = Release|x86
		{51524558-CF48-491F-9751-87EA194F52D1}.AppStore|Any CPU.Deploy.0 = Release|x86
		{51524558-CF48-491F-9751-87EA194F52D1}.AppStore|ARM.ActiveCfg = Release|ARM
		{51524558-CF48-491F-9751-87EA194F52D1}.AppStore|ARM.Build.0 = Release|ARM
		{51524558-CF48-491F-9751-87EA194F52D1}.AppStore|ARM.Deploy.0 = Release|ARM
		{51524558-CF48-491F-9751-87EA194F52D1}.AppStore|iPhone.ActiveCfg = Release|x86
		{51524558-CF48-491F-9751-87EA194F52D1}.AppStore|iPhone.Build.0 = Release|x86
		{51524558-CF48-491F-9751-87EA194F52D1}.AppStore|iPhone.Deploy.0 = Release|x86
		{51524558-CF48-491F-9751-87EA194F52D1}.AppStore|iPhoneSimulator.ActiveCfg = Release|x86
		{51524558-CF48-491F-9751-87EA194F52D1}.AppStore|iPhoneSimulator.Build.0 = Release|x86
		{51524558-CF48-491F-9751-87EA194F52D1}.AppStore|iPhoneSimulator.Deploy.0 = Release|x86
		{51524558-CF48-491F-9751-87EA194F52D1}.AppStore|x64.ActiveCfg = Release|x64
		{51524558-CF48-491F-9751-87EA194F52D1}.AppStore|x64.Build.0 = Release|x64
		{51524558-CF48-491F-9751-87EA194F52D1}.AppStore|x64.Deploy.0 = Release|x64
		{51524558-CF48-491F-9751-87EA194F52D1}.AppStore|x86.ActiveCfg = Release|x86
		{51524558-CF48-491F-9751-87EA194F52D1}.AppStore|x86.Build.0 = Release|x86
		{51524558-CF48-491F-9751-87EA194F52D1}.AppStore|x86.Deploy.0 = Release|x86
		{51524558-CF48-491F-9751-87EA194F52D1}.Debug|Any CPU.ActiveCfg = Debug|x86
		{51524558-CF48-491F-9751-87EA194F52D1}.Debug|Any CPU.Build.0 = Debug|x86
		{51524558-CF48-491F-9751-87EA194F52D1}.Debug|Any CPU.Deploy.0 = Debug|x86
		{51524558-CF48-491F-9751-87EA194F52D1}.Debug|ARM.ActiveCfg = Debug|ARM
		{51524558-CF48-491F-9751-87EA194F52D1}.Debug|ARM.Build.0 = Debug|ARM
		{51524558-CF48-491F-9751-87EA194F52D1}.Debug|ARM.Deploy.0 = Debug|ARM
		{51524558-CF48-491F-9751-87EA194F52D1}.Debug|iPhone.ActiveCfg = Debug|x86
		{51524558-CF48-491F-9751-87EA194F52D1}.Debug|iPhone.Build.0 = Debug|x86
		{51524558-CF48-491F-9751-87EA194F52D1}.Debug|iPhone.Deploy.0 = Debug|x86
		{51524558-CF48-491F-9751-87EA194F52D1}.Debug|iPhoneSimulator.ActiveCfg = Debug|x86
		{51524558-CF48-491F-9751-87EA194F52D1}.Debug|iPhoneSimulator.Build.0 = Debug|x86
		{51524558-CF48-491F-9751-87EA194F52D1}.Debug|iPhoneSimulator.Deploy.0 = Debug|x86
		{51524558-CF48-491F-9751-87EA194F52D1}.Debug|x64.ActiveCfg = Debug|x64
		{51524558-CF48-491F-9751-87EA194F52D1}.Debug|x64.Build.0 = Debug|x64
		{51524558-CF48-491F-9751-87EA194F52D1}.Debug|x64.Deploy.0 = Debug|x64
		{51524558-CF48-491F-9751-87EA194F52D1}.Debug|x86.ActiveCfg = Debug|x86
		{51524558-CF48-491F-9751-87EA194F52D1}.Debug|x86.Build.0 = Debug|x86
		{51524558-CF48-491F-9751-87EA194F52D1}.Debug|x86.Deploy.0 = Debug|x86
		{51524558-CF48-491F-9751-87EA194F52D1}.Release|Any CPU.ActiveCfg = Release|x86
		{51524558-CF48-491F-9751-87EA194F52D1}.Release|Any CPU.Build.0 = Release|x86
		{51524558-CF48-491F-9751-87EA194F52D1}.Release|Any CPU.Deploy.0 = Release|x86
		{51524558-CF48-491F-9751-87EA194F52D1}.Release|ARM.ActiveCfg = Release|ARM
		{51524558-CF48-491F-9751-87EA194F52D1}.Release|ARM.Build.0 = Release|ARM
		{51524558-CF48-491F-9751-87EA194F52D1}.Release|ARM.Deploy.0 = Release|ARM
		{51524558-CF48-491F-9751-87EA194F52D1}.Release|iPhone.ActiveCfg = Release|x86
		{51524558-CF48-491F-9751-87EA194F52D1}.Release|iPhone.Build.0 = Release|x86
		{51524558-CF48-491F-9751-87EA194F52D1}.Release|iPhone.Deploy.0 = Release|x86
		{51524558-CF48-491F-9751-87EA194F52D1}.Release|iPhoneSimulator.ActiveCfg = Release|x86
		{51524558-CF48-491F-9751-87EA194F52D1}.Release|iPhoneSimulator.Build.0 = Release|x86
		{51524558-CF48-491F-9751-87EA194F52D1}.Release|iPhoneSimulator.Deploy.0 = Release|x86
		{51524558-CF48-491F-9751-87EA194F52D1}.Release|x64.ActiveCfg = Release|x64
		{51524558-CF48-491F-9751-87EA194F52D1}.Release|x64.Build.0 = Release|x64
		{51524558-CF48-491F-9751-87EA194F52D1}.Release|x64.Deploy.0 = Release|x64
		{51524558-CF48-491F-9751-87EA194F52D1}.Release|x86.ActiveCfg = Release|x86
		{51524558-CF48-491F-9751-87EA194F52D1}.Release|x86.Build.0 = Release|x86
		{51524558-CF48-491F-9751-87EA194F52D1}.Release|x86.Deploy.0 = Release|x86
		{8FC28D9A-E148-49A2-BA66-5D04049B76BD}.Ad-Hoc|Any CPU.ActiveCfg = Debug|Any CPU
		{8FC28D9A-E148-49A2-BA66-5D04049B76BD}.Ad-Hoc|Any CPU.Build.0 = Debug|Any CPU
		{8FC28D9A-E148-49A2-BA66-5D04049B76BD}.Ad-Hoc|Any CPU.Deploy.0 = Debug|Any CPU
		{8FC28D9A-E148-49A2-BA66-5D04049B76BD}.Ad-Hoc|ARM.ActiveCfg = Debug|Any CPU
		{8FC28D9A-E148-49A2-BA66-5D04049B76BD}.Ad-Hoc|ARM.Build.0 = Debug|Any CPU
		{8FC28D9A-E148-49A2-BA66-5D04049B76BD}.Ad-Hoc|ARM.Deploy.0 = Debug|Any CPU
		{8FC28D9A-E148-49A2-BA66-5D04049B76BD}.Ad-Hoc|iPhone.ActiveCfg = Debug|Any CPU
		{8FC28D9A-E148-49A2-BA66-5D04049B76BD}.Ad-Hoc|iPhone.Build.0 = Debug|Any CPU
		{8FC28D9A-E148-49A2-BA66-5D04049B76BD}.Ad-Hoc|iPhone.Deploy.0 = Debug|Any CPU
		{8FC28D9A-E148-49A2-BA66-5D04049B76BD}.Ad-Hoc|iPhoneSimulator.ActiveCfg = Debug|Any CPU
		{8FC28D9A-E148-49A2-BA66-5D04049B76BD}.Ad-Hoc|iPhoneSimulator.Build.0 = Debug|Any CPU
		{8FC28D9A-E148-49A2-BA66-5D04049B76BD}.Ad-Hoc|iPhoneSimulator.Deploy.0 = Debug|Any CPU
		{8FC28D9A-E148-49A2-BA66-5D04049B76BD}.Ad-Hoc|x64.ActiveCfg = Debug|Any CPU
		{8FC28D9A-E148-49A2-BA66-5D04049B76BD}.Ad-Hoc|x64.Build.0 = Debug|Any CPU
		{8FC28D9A-E148-49A2-BA66-5D04049B76BD}.Ad-Hoc|x64.Deploy.0 = Debug|Any CPU
		{8FC28D9A-E148-49A2-BA66-5D04049B76BD}.Ad-Hoc|x86.ActiveCfg = Debug|Any CPU
		{8FC28D9A-E148-49A2-BA66-5D04049B76BD}.Ad-Hoc|x86.Build.0 = Debug|Any CPU
		{8FC28D9A-E148-49A2-BA66-5D04049B76BD}.Ad-Hoc|x86.Deploy.0 = Debug|Any CPU
		{8FC28D9A-E148-49A2-BA66-5D04049B76BD}.AppStore|Any CPU.ActiveCfg = Debug|Any CPU
		{8FC28D9A-E148-49A2-BA66-5D04049B76BD}.AppStore|Any CPU.Build.0 = Debug|Any CPU
		{8FC28D9A-E148-49A2-BA66-5D04049B76BD}.AppStore|Any CPU.Deploy.0 = Debug|Any CPU
		{8FC28D9A-E148-49A2-BA66-5D04049B76BD}.AppStore|ARM.ActiveCfg = Debug|Any CPU
		{8FC28D9A-E148-49A2-BA66-5D04049B76BD}.AppStore|ARM.Build.0 = Debug|Any CPU
		{8FC28D9A-E148-49A2-BA66-5D04049B76BD}.AppStore|ARM.Deploy.0 = Debug|Any CPU
		{8FC28D9A-E148-49A2-BA66-5D04049B76BD}.AppStore|iPhone.ActiveCfg = Debug|Any CPU
		{8FC28D9A-E148-49A2-BA66-5D04049B76BD}.AppStore|iPhone.Build.0 = Debug|Any CPU
		{8FC28D9A-E148-49A2-BA66-5D04049B76BD}.AppStore|iPhone.Deploy.0 = Debug|Any CPU
		{8FC28D9A-E148-49A2-BA66-5D04049B76BD}.AppStore|iPhoneSimulator.ActiveCfg = Debug|Any CPU
		{8FC28D9A-E148-49A2-BA66-5D04049B76BD}.AppStore|iPhoneSimulator.Build.0 = Debug|Any CPU
		{8FC28D9A-E148-49A2-BA66-5D04049B76BD}.AppStore|iPhoneSimulator.Deploy.0 = Debug|Any CPU
		{8FC28D9A-E148-49A2-BA66-5D04049B76BD}.AppStore|x64.ActiveCfg = Debug|Any CPU
		{8FC28D9A-E148-49A2-BA66-5D04049B76BD}.AppStore|x64.Build.0 = Debug|Any CPU
		{8FC28D9A-E148-49A2-BA66-5D04049B76BD}.AppStore|x64.Deploy.0 = Debug|Any CPU
		{8FC28D9A-E148-49A2-BA66-5D04049B76BD}.AppStore|x86.ActiveCfg = Debug|Any CPU
		{8FC28D9A-E148-49A2-BA66-5D04049B76BD}.AppStore|x86.Build.0 = Debug|Any CPU
		{8FC28D9A-E148-49A2-BA66-5D04049B76BD}.AppStore|x86.Deploy.0 = Debug|Any CPU
		{8FC28D9A-E148-49A2-BA66-5D04049B76BD}.Debug|Any CPU.ActiveCfg = Debug|Any CPU
		{8FC28D9A-E148-49A2-BA66-5D04049B76BD}.Debug|Any CPU.Build.0 = Debug|Any CPU
		{8FC28D9A-E148-49A2-BA66-5D04049B76BD}.Debug|Any CPU.Deploy.0 = Debug|Any CPU
		{8FC28D9A-E148-49A2-BA66-5D04049B76BD}.Debug|ARM.ActiveCfg = Debug|Any CPU
		{8FC28D9A-E148-49A2-BA66-5D04049B76BD}.Debug|ARM.Build.0 = Debug|Any CPU
		{8FC28D9A-E148-49A2-BA66-5D04049B76BD}.Debug|ARM.Deploy.0 = Debug|Any CPU
		{8FC28D9A-E148-49A2-BA66-5D04049B76BD}.Debug|iPhone.ActiveCfg = Debug|Any CPU
		{8FC28D9A-E148-49A2-BA66-5D04049B76BD}.Debug|iPhone.Build.0 = Debug|Any CPU
		{8FC28D9A-E148-49A2-BA66-5D04049B76BD}.Debug|iPhone.Deploy.0 = Debug|Any CPU
		{8FC28D9A-E148-49A2-BA66-5D04049B76BD}.Debug|iPhoneSimulator.ActiveCfg = Debug|Any CPU
		{8FC28D9A-E148-49A2-BA66-5D04049B76BD}.Debug|iPhoneSimulator.Build.0 = Debug|Any CPU
		{8FC28D9A-E148-49A2-BA66-5D04049B76BD}.Debug|iPhoneSimulator.Deploy.0 = Debug|Any CPU
		{8FC28D9A-E148-49A2-BA66-5D04049B76BD}.Debug|x64.ActiveCfg = Debug|Any CPU
		{8FC28D9A-E148-49A2-BA66-5D04049B76BD}.Debug|x64.Build.0 = Debug|Any CPU
		{8FC28D9A-E148-49A2-BA66-5D04049B76BD}.Debug|x64.Deploy.0 = Debug|Any CPU
		{8FC28D9A-E148-49A2-BA66-5D04049B76BD}.Debug|x86.ActiveCfg = Debug|Any CPU
		{8FC28D9A-E148-49A2-BA66-5D04049B76BD}.Debug|x86.Build.0 = Debug|Any CPU
		{8FC28D9A-E148-49A2-BA66-5D04049B76BD}.Debug|x86.Deploy.0 = Debug|Any CPU
		{8FC28D9A-E148-49A2-BA66-5D04049B76BD}.Release|Any CPU.ActiveCfg = Release|Any CPU
		{8FC28D9A-E148-49A2-BA66-5D04049B76BD}.Release|Any CPU.Build.0 = Release|Any CPU
		{8FC28D9A-E148-49A2-BA66-5D04049B76BD}.Release|Any CPU.Deploy.0 = Release|Any CPU
		{8FC28D9A-E148-49A2-BA66-5D04049B76BD}.Release|ARM.ActiveCfg = Release|Any CPU
		{8FC28D9A-E148-49A2-BA66-5D04049B76BD}.Release|ARM.Build.0 = Release|Any CPU
		{8FC28D9A-E148-49A2-BA66-5D04049B76BD}.Release|ARM.Deploy.0 = Release|Any CPU
		{8FC28D9A-E148-49A2-BA66-5D04049B76BD}.Release|iPhone.ActiveCfg = Release|Any CPU
		{8FC28D9A-E148-49A2-BA66-5D04049B76BD}.Release|iPhone.Build.0 = Release|Any CPU
		{8FC28D9A-E148-49A2-BA66-5D04049B76BD}.Release|iPhone.Deploy.0 = Release|Any CPU
		{8FC28D9A-E148-49A2-BA66-5D04049B76BD}.Release|iPhoneSimulator.ActiveCfg = Release|Any CPU
		{8FC28D9A-E148-49A2-BA66-5D04049B76BD}.Release|iPhoneSimulator.Build.0 = Release|Any CPU
		{8FC28D9A-E148-49A2-BA66-5D04049B76BD}.Release|iPhoneSimulator.Deploy.0 = Release|Any CPU
		{8FC28D9A-E148-49A2-BA66-5D04049B76BD}.Release|x64.ActiveCfg = Release|Any CPU
		{8FC28D9A-E148-49A2-BA66-5D04049B76BD}.Release|x64.Build.0 = Release|Any CPU
		{8FC28D9A-E148-49A2-BA66-5D04049B76BD}.Release|x64.Deploy.0 = Release|Any CPU
		{8FC28D9A-E148-49A2-BA66-5D04049B76BD}.Release|x86.ActiveCfg = Release|Any CPU
		{8FC28D9A-E148-49A2-BA66-5D04049B76BD}.Release|x86.Build.0 = Release|Any CPU
		{8FC28D9A-E148-49A2-BA66-5D04049B76BD}.Release|x86.Deploy.0 = Release|Any CPU
	EndGlobalSection
	GlobalSection(SolutionProperties) = preSolution
		HideSolutionNode = FALSE
	EndGlobalSection
	GlobalSection(ExtensibilityGlobals) = postSolution
		SolutionGuid = {962A9C75-DE45-48ED-B46C-600F81D97711}
	EndGlobalSection
EndGlobal
